{
  "version": 1,
  "dependencies": {
    "net10.0": {
      "repotrustdoctor.analysis.abstractions": {
        "type": "Project",
        "dependencies": {
          "RepoTrustDoctor.Domain": "[1.0.0, )"
        }
      },
      "repotrustdoctor.domain": {
        "type": "Project"
      },
      "repotrustdoctor.infrastructure.packageregistries": {
        "type": "Project",
        "dependencies": {
          "RepoTrustDoctor.Analysis.Abstractions": "[1.0.0, )",
          "RepoTrustDoctor.Domain": "[1.0.0, )"
        }
      }
    }
  }
}