{
  "version": 1,
  "dependencies": {
    "net10.0": {
      "Microsoft.Extensions.Hosting.Abstractions": {
        "type": "Direct",
        "requested": "[10.0.9, )",
        "resolved": "10.0.9",
        "contentHash": "Xd/2F+uWblTiUp+ssaDZN2ea4vmnHmW6PXugmqBHumyhqVkyeh6RJ3S2Zo/F+1bXIL/KuGqe2pKv6UiGOc1KeQ==",
        "dependencies": {
          "Microsoft.Extensions.Configuration.Abstractions": "10.0.9",
          "Microsoft.Extensions.DependencyInjection.Abstractions": "10.0.9",
          "Microsoft.Extensions.Diagnostics.Abstractions": "10.0.9",
          "Microsoft.Extensions.FileProviders.Abstractions": "10.0.9",
          "Microsoft.Extensions.Logging.Abstractions": "10.0.9"
        }
      },
      "Microsoft.Data.Sqlite": {
        "type": "Transitive",
        "resolved": "10.0.9",
        "contentHash": "/eBwiZPcNisn0qZX+Zk4YCftlK/vnoWqv7hHnmSk8MjPxFdYYkmPObpogT0MfCCWN6oAIZnMCo0SoOtZlbbmgQ==",
        "dependencies": {
          "Microsoft.Data.Sqlite.Core": "10.0.9",
          "SQLitePCLRaw.bundle_e_sqlite3": "2.1.11",
          "SQLitePCLRaw.core": "2.1.11"
        }
      },
      "Microsoft.Data.Sqlite.Core": {
        "type": "Transitive",
        "resolved": "10.0.9",
        "contentHash": "iZrONyMKPjxfVZnUktqO30QjzNwAGH+AxM61s8lKQnVhgbQ3bn0hiXI129ZmVicEbIcwljyy2OVsIYUR51ZHKQ==",
        "dependencies": {
          "SQLitePCLRaw.core": "2.1.11"
        }
      },
      "Microsoft.Extensions.Configuration.Abstractions": {
        "type": "Transitive",
        "resolved": "10.0.9",
        "contentHash": "qGhRPd3VxfLV9UqatVOiD9mAeUbj2KiMwGFYC5uXlzExiZQoe4X/hdmzGIU7BQjNLTqCnnbTHVyBglG3668/HA==",
        "dependencies": {
          "Microsoft.Extensions.Primitives": "10.0.9"
        }
      },
      "Microsoft.Extensions.DependencyInjection.Abstractions": {
        "type": "Transitive",
        "resolved": "10.0.9",
        "contentHash": "g41l/30G3K4B/d/L8kjux0+30e27c8D0FVQ/PFCpbekgfDpj9mnDhieP67EqXWvl1EWNeZh2rpR4F5B/jcDOHA=="
      },
      "Microsoft.Extensions.Diagnostics.Abstractions": {
        "type": "Transitive",
        "resolved": "10.0.9",
        "contentHash": "86RgyFsmVslW4Nu28IXgt8tLglynGQrwjk/xhGZaTe8j6YIeR1Ywoc42hSHsBSl920CQdfqq2dBohZiGm3AkUA==",
        "dependencies": {
          "Microsoft.Extensions.DependencyInjection.Abstractions": "10.0.9",
          "Microsoft.Extensions.Options": "10.0.9"
        }
      },
      "Microsoft.Extensions.FileProviders.Abstractions": {
        "type": "Transitive",
        "resolved": "10.0.9",
        "contentHash": "Oxn4vqDk+EwceTMpZxVm7L/UZEAM1qIQlNP1+7tBZckD+P4SKrm/5X4gMTPCTdpnau/xY8Sb4/0d6onomSg4ZA==",
        "dependencies": {
          "Microsoft.Extensions.Primitives": "10.0.9"
        }
      },
      "Microsoft.Extensions.Logging.Abstractions": {
        "type": "Transitive",
        "resolved": "10.0.9",
        "contentHash": "9S/DFt4cohlMPpzIxjG6kk0L8MuN2vDm9pbMCulxtJzzk82oJHVLBd8vuQxaPskaYQwKqmFmbannf5eoChgjYg==",
        "dependencies": {
          "Microsoft.Extensions.DependencyInjection.Abstractions": "10.0.9"
        }
      },
      "Microsoft.Extensions.Options": {
        "type": "Transitive",
        "resolved": "10.0.9",
        "contentHash": "hyNdX4c2UwkRkzb9byw0H2DQkRzwBM3mzY2sCM9egwzTyg8dvQJmp5noQHGEaaCORQrNK3DD2gREBsc2DlXS4A==",
        "dependencies": {
          "Microsoft.Extensions.DependencyInjection.Abstractions": "10.0.9",
          "Microsoft.Extensions.Primitives": "10.0.9"
        }
      },
      "Microsoft.Extensions.Primitives": {
        "type": "Transitive",
        "resolved": "10.0.9",
        "contentHash": "fmEbAUFsaIKirgLt/lYhuFRBwhcSJN31jjHgCdbQxJiWOum6EdLjkbgGuukSP9z/a+9LibaxII/kF+GwOXgC4g=="
      },
      "SQLitePCLRaw.bundle_e_sqlite3": {
        "type": "Transitive",
        "resolved": "2.1.11",
        "contentHash": "DC4nA7yWnf4UZdgJDF+9Mus4/cb0Y3Sfgi3gDnAoKNAIBwzkskNAbNbyu+u4atT0ruVlZNJfwZmwiEwE5oz9LQ==",
        "dependencies": {
          "SQLitePCLRaw.lib.e_sqlite3": "2.1.11",
          "SQLitePCLRaw.provider.e_sqlite3": "2.1.11"
        }
      },
      "SQLitePCLRaw.core": {
        "type": "Transitive",
        "resolved": "2.1.11",
        "contentHash": "PK0GLFkfhZzLQeR3PJf71FmhtHox+U3vcY6ZtswoMjrefkB9k6ErNJEnwXqc5KgXDSjige2XXrezqS39gkpQKA=="
      },
      "SQLitePCLRaw.lib.e_sqlite3": {
        "type": "Transitive",
        "resolved": "3.53.3",
        "contentHash": "ZXiSbBkrlw2Of/dBqny/qtQol7dlThrUD8zH/jkQicCFm2yn2BbhKsQW0+YHAzhANWz4ZJCz7gvo88BwluVhkA=="
      },
      "SQLitePCLRaw.provider.e_sqlite3": {
        "type": "Transitive",
        "resolved": "2.1.11",
        "contentHash": "Y/0ZkR+r0Cg3DQFuCl1RBnv/tmxpIZRU3HUvelPw6MVaKHwYYR8YNvgs0vuNuXCMvlyJ+Fh88U1D4tah1tt6qw==",
        "dependencies": {
          "SQLitePCLRaw.core": "2.1.11"
        }
      },
      "repotrustdoctor.analysis.abstractions": {
        "type": "Project",
        "dependencies": {
          "RepoTrustDoctor.Domain": "[1.0.0, )"
        }
      },
      "repotrustdoctor.analysis.engine": {
        "type": "Project",
        "dependencies": {
          "RepoTrustDoctor.Analysis.Abstractions": "[1.0.0, )",
          "RepoTrustDoctor.Domain": "[1.0.0, )"
        }
      },
      "repotrustdoctor.analysis.orchestration": {
        "type": "Project",
        "dependencies": {
          "RepoTrustDoctor.Analysis.Abstractions": "[1.0.0, )",
          "RepoTrustDoctor.Analysis.Engine": "[1.0.0, )",
          "RepoTrustDoctor.Domain": "[1.0.0, )",
          "RepoTrustDoctor.Scoring": "[1.0.0, )",
          "RepoTrustDoctor.Shared": "[1.0.0, )"
        }
      },
      "repotrustdoctor.analyzers.azurepipelines": {
        "type": "Project",
        "dependencies": {
          "RepoTrustDoctor.Analysis.Abstractions": "[1.0.0, )",
          "RepoTrustDoctor.Domain": "[1.0.0, )"
        }
      },
      "repotrustdoctor.analyzers.circleci": {
        "type": "Project",
        "dependencies": {
          "RepoTrustDoctor.Analysis.Abstractions": "[1.0.0, )",
          "RepoTrustDoctor.Domain": "[1.0.0, )"
        }
      },
      "repotrustdoctor.analyzers.codebase": {
        "type": "Project",
        "dependencies": {
          "RepoTrustDoctor.Analysis.Abstractions": "[1.0.0, )",
          "RepoTrustDoctor.Domain": "[1.0.0, )"
        }
      },
      "repotrustdoctor.analyzers.dependencyinventory": {
        "type": "Project",
        "dependencies": {
          "RepoTrustDoctor.Analysis.Abstractions": "[1.0.0, )",
          "RepoTrustDoctor.Domain": "[1.0.0, )"
        }
      },
      "repotrustdoctor.analyzers.dependencyrisk": {
        "type": "Project",
        "dependencies": {
          "RepoTrustDoctor.Analysis.Abstractions": "[1.0.0, )",
          "RepoTrustDoctor.Domain": "[1.0.0, )",
          "RepoTrustDoctor.Infrastructure.PackageRegistries": "[1.0.0, )",
          "RepoTrustDoctor.Infrastructure.SecurityFeeds": "[1.0.0, )"
        }
      },
      "repotrustdoctor.analyzers.docker": {
        "type": "Project",
        "dependencies": {
          "RepoTrustDoctor.Analysis.Abstractions": "[1.0.0, )",
          "RepoTrustDoctor.Domain": "[1.0.0, )"
        }
      },
      "repotrustdoctor.analyzers.dockercompose": {
        "type": "Project",
        "dependencies": {
          "RepoTrustDoctor.Analysis.Abstractions": "[1.0.0, )",
          "RepoTrustDoctor.Domain": "[1.0.0, )"
        }
      },
      "repotrustdoctor.analyzers.githubactions": {
        "type": "Project",
        "dependencies": {
          "RepoTrustDoctor.Analysis.Abstractions": "[1.0.0, )",
          "RepoTrustDoctor.Domain": "[1.0.0, )"
        }
      },
      "repotrustdoctor.analyzers.gitlabci": {
        "type": "Project",
        "dependencies": {
          "RepoTrustDoctor.Analysis.Abstractions": "[1.0.0, )",
          "RepoTrustDoctor.Domain": "[1.0.0, )"
        }
      },
      "repotrustdoctor.analyzers.kubernetes": {
        "type": "Project",
        "dependencies": {
          "RepoTrustDoctor.Analysis.Abstractions": "[1.0.0, )",
          "RepoTrustDoctor.Domain": "[1.0.0, )"
        }
      },
      "repotrustdoctor.analyzers.packageregistryconfig": {
        "type": "Project",
        "dependencies": {
          "RepoTrustDoctor.Analysis.Abstractions": "[1.0.0, )",
          "RepoTrustDoctor.Domain": "[1.0.0, )"
        }
      },
      "repotrustdoctor.analyzers.releaseevidence": {
        "type": "Project",
        "dependencies": {
          "RepoTrustDoctor.Analysis.Abstractions": "[1.0.0, )",
          "RepoTrustDoctor.Domain": "[1.0.0, )"
        }
      },
      "repotrustdoctor.analyzers.repository": {
        "type": "Project",
        "dependencies": {
          "RepoTrustDoctor.Analysis.Abstractions": "[1.0.0, )",
          "RepoTrustDoctor.Domain": "[1.0.0, )"
        }
      },
      "repotrustdoctor.analyzers.secrets": {
        "type": "Project",
        "dependencies": {
          "RepoTrustDoctor.Analysis.Abstractions": "[1.0.0, )",
          "RepoTrustDoctor.Domain": "[1.0.0, )"
        }
      },
      "repotrustdoctor.analyzers.terraform": {
        "type": "Project",
        "dependencies": {
          "RepoTrustDoctor.Analysis.Abstractions": "[1.0.0, )",
          "RepoTrustDoctor.Domain": "[1.0.0, )"
        }
      },
      "repotrustdoctor.application": {
        "type": "Project",
        "dependencies": {
          "RepoTrustDoctor.Contracts": "[1.0.0, )",
          "RepoTrustDoctor.Domain": "[1.0.0, )",
          "RepoTrustDoctor.Shared": "[1.0.0, )"
        }
      },
      "repotrustdoctor.contracts": {
        "type": "Project",
        "dependencies": {
          "RepoTrustDoctor.Domain": "[1.0.0, )"
        }
      },
      "repotrustdoctor.domain": {
        "type": "Project"
      },
      "repotrustdoctor.infrastructure.git": {
        "type": "Project",
        "dependencies": {
          "RepoTrustDoctor.Domain": "[1.0.0, )"
        }
      },
      "repotrustdoctor.infrastructure.localdata": {
        "type": "Project",
        "dependencies": {
          "Microsoft.Data.Sqlite": "[10.0.9, )",
          "SQLitePCLRaw.lib.e_sqlite3": "[3.53.3, )"
        }
      },
      "repotrustdoctor.infrastructure.packageregistries": {
        "type": "Project",
        "dependencies": {
          "RepoTrustDoctor.Analysis.Abstractions": "[1.0.0, )",
          "RepoTrustDoctor.Domain": "[1.0.0, )",
          "RepoTrustDoctor.Infrastructure.LocalData": "[1.0.0, )"
        }
      },
      "repotrustdoctor.infrastructure.securityfeeds": {
        "type": "Project",
        "dependencies": {
          "RepoTrustDoctor.Analysis.Abstractions": "[1.0.0, )",
          "RepoTrustDoctor.Infrastructure.LocalData": "[1.0.0, )",
          "RepoTrustDoctor.Infrastructure.PackageRegistries": "[1.0.0, )"
        }
      },
      "repotrustdoctor.policies": {
        "type": "Project",
        "dependencies": {
          "RepoTrustDoctor.Domain": "[1.0.0, )"
        }
      },
      "repotrustdoctor.scoring": {
        "type": "Project",
        "dependencies": {
          "RepoTrustDoctor.Domain": "[1.0.0, )",
          "RepoTrustDoctor.Policies": "[1.0.0, )"
        }
      },
      "repotrustdoctor.shared": {
        "type": "Project"
      }
    }
  }
}