{
  "version": 1,
  "dependencies": {
    "net10.0": {
      "Microsoft.Data.Sqlite": {
        "type": "Transitive",
        "resolved": "10.0.9",
        "contentHash": "/eBwiZPcNisn0qZX+Zk4YCftlK/vnoWqv7hHnmSk8MjPxFdYYkmPObpogT0MfCCWN6oAIZnMCo0SoOtZlbbmgQ==",
        "dependencies": {
          "Microsoft.Data.Sqlite.Core": "10.0.9",
          "SQLitePCLRaw.bundle_e_sqlite3": "2.1.11",
          "SQLitePCLRaw.core": "2.1.11"
        }
      },
      "Microsoft.Data.Sqlite.Core": {
        "type": "Transitive",
        "resolved": "10.0.9",
        "contentHash": "iZrONyMKPjxfVZnUktqO30QjzNwAGH+AxM61s8lKQnVhgbQ3bn0hiXI129ZmVicEbIcwljyy2OVsIYUR51ZHKQ==",
        "dependencies": {
          "SQLitePCLRaw.core": "2.1.11"
        }
      },
      "SQLitePCLRaw.bundle_e_sqlite3": {
        "type": "Transitive",
        "resolved": "2.1.11",
        "contentHash": "DC4nA7yWnf4UZdgJDF+9Mus4/cb0Y3Sfgi3gDnAoKNAIBwzkskNAbNbyu+u4atT0ruVlZNJfwZmwiEwE5oz9LQ==",
        "dependencies": {
          "SQLitePCLRaw.lib.e_sqlite3": "2.1.11",
          "SQLitePCLRaw.provider.e_sqlite3": "2.1.11"
        }
      },
      "SQLitePCLRaw.core": {
        "type": "Transitive",
        "resolved": "2.1.11",
        "contentHash": "PK0GLFkfhZzLQeR3PJf71FmhtHox+U3vcY6ZtswoMjrefkB9k6ErNJEnwXqc5KgXDSjige2XXrezqS39gkpQKA=="
      },
      "SQLitePCLRaw.lib.e_sqlite3": {
        "type": "Transitive",
        "resolved": "3.53.3",
        "contentHash": "ZXiSbBkrlw2Of/dBqny/qtQol7dlThrUD8zH/jkQicCFm2yn2BbhKsQW0+YHAzhANWz4ZJCz7gvo88BwluVhkA=="
      },
      "SQLitePCLRaw.provider.e_sqlite3": {
        "type": "Transitive",
        "resolved": "2.1.11",
        "contentHash": "Y/0ZkR+r0Cg3DQFuCl1RBnv/tmxpIZRU3HUvelPw6MVaKHwYYR8YNvgs0vuNuXCMvlyJ+Fh88U1D4tah1tt6qw==",
        "dependencies": {
          "SQLitePCLRaw.core": "2.1.11"
        }
      },
      "repotrustdoctor.analysis.abstractions": {
        "type": "Project",
        "dependencies": {
          "RepoTrustDoctor.Domain": "[1.0.0, )"
        }
      },
      "repotrustdoctor.analysis.engine": {
        "type": "Project",
        "dependencies": {
          "RepoTrustDoctor.Analysis.Abstractions": "[1.0.0, )",
          "RepoTrustDoctor.Domain": "[1.0.0, )"
        }
      },
      "repotrustdoctor.analysis.orchestration": {
        "type": "Project",
        "dependencies": {
          "RepoTrustDoctor.Analysis.Abstractions": "[1.0.0, )",
          "RepoTrustDoctor.Analysis.Engine": "[1.0.0, )",
          "RepoTrustDoctor.Domain": "[1.0.0, )",
          "RepoTrustDoctor.Scoring": "[1.0.0, )",
          "RepoTrustDoctor.Shared": "[1.0.0, )"
        }
      },
      "repotrustdoctor.analyzers.azurepipelines": {
        "type": "Project",
        "dependencies": {
          "RepoTrustDoctor.Analysis.Abstractions": "[1.0.0, )",
          "RepoTrustDoctor.Domain": "[1.0.0, )"
        }
      },
      "repotrustdoctor.analyzers.circleci": {
        "type": "Project",
        "dependencies": {
          "RepoTrustDoctor.Analysis.Abstractions": "[1.0.0, )",
          "RepoTrustDoctor.Domain": "[1.0.0, )"
        }
      },
      "repotrustdoctor.analyzers.codebase": {
        "type": "Project",
        "dependencies": {
          "RepoTrustDoctor.Analysis.Abstractions": "[1.0.0, )",
          "RepoTrustDoctor.Domain": "[1.0.0, )"
        }
      },
      "repotrustdoctor.analyzers.dependencyinventory": {
        "type": "Project",
        "dependencies": {
          "RepoTrustDoctor.Analysis.Abstractions": "[1.0.0, )",
          "RepoTrustDoctor.Domain": "[1.0.0, )"
        }
      },
      "repotrustdoctor.analyzers.dependencyrisk": {
        "type": "Project",
        "dependencies": {
          "RepoTrustDoctor.Analysis.Abstractions": "[1.0.0, )",
          "RepoTrustDoctor.Domain": "[1.0.0, )",
          "RepoTrustDoctor.Infrastructure.PackageRegistries": "[1.0.0, )",
          "RepoTrustDoctor.Infrastructure.SecurityFeeds": "[1.0.0, )"
        }
      },
      "repotrustdoctor.analyzers.docker": {
        "type": "Project",
        "dependencies": {
          "RepoTrustDoctor.Analysis.Abstractions": "[1.0.0, )",
          "RepoTrustDoctor.Domain": "[1.0.0, )"
        }
      },
      "repotrustdoctor.analyzers.dockercompose": {
        "type": "Project",
        "dependencies": {
          "RepoTrustDoctor.Analysis.Abstractions": "[1.0.0, )",
          "RepoTrustDoctor.Domain": "[1.0.0, )"
        }
      },
      "repotrustdoctor.analyzers.githubactions": {
        "type": "Project",
        "dependencies": {
          "RepoTrustDoctor.Analysis.Abstractions": "[1.0.0, )",
          "RepoTrustDoctor.Domain": "[1.0.0, )"
        }
      },
      "repotrustdoctor.analyzers.gitlabci": {
        "type": "Project",
        "dependencies": {
          "RepoTrustDoctor.Analysis.Abstractions": "[1.0.0, )",
          "RepoTrustDoctor.Domain": "[1.0.0, )"
        }
      },
      "repotrustdoctor.analyzers.kubernetes": {
        "type": "Project",
        "dependencies": {
          "RepoTrustDoctor.Analysis.Abstractions": "[1.0.0, )",
          "RepoTrustDoctor.Domain": "[1.0.0, )"
        }
      },
      "repotrustdoctor.analyzers.packageregistryconfig": {
        "type": "Project",
        "dependencies": {
          "RepoTrustDoctor.Analysis.Abstractions": "[1.0.0, )",
          "RepoTrustDoctor.Domain": "[1.0.0, )"
        }
      },
      "repotrustdoctor.analyzers.releaseevidence": {
        "type": "Project",
        "dependencies": {
          "RepoTrustDoctor.Analysis.Abstractions": "[1.0.0, )",
          "RepoTrustDoctor.Domain": "[1.0.0, )"
        }
      },
      "repotrustdoctor.analyzers.repository": {
        "type": "Project",
        "dependencies": {
          "RepoTrustDoctor.Analysis.Abstractions": "[1.0.0, )",
          "RepoTrustDoctor.Domain": "[1.0.0, )"
        }
      },
      "repotrustdoctor.analyzers.secrets": {
        "type": "Project",
        "dependencies": {
          "RepoTrustDoctor.Analysis.Abstractions": "[1.0.0, )",
          "RepoTrustDoctor.Domain": "[1.0.0, )"
        }
      },
      "repotrustdoctor.analyzers.terraform": {
        "type": "Project",
        "dependencies": {
          "RepoTrustDoctor.Analysis.Abstractions": "[1.0.0, )",
          "RepoTrustDoctor.Domain": "[1.0.0, )"
        }
      },
      "repotrustdoctor.application": {
        "type": "Project",
        "dependencies": {
          "RepoTrustDoctor.Contracts": "[1.0.0, )",
          "RepoTrustDoctor.Domain": "[1.0.0, )",
          "RepoTrustDoctor.Shared": "[1.0.0, )"
        }
      },
      "repotrustdoctor.contracts": {
        "type": "Project",
        "dependencies": {
          "RepoTrustDoctor.Domain": "[1.0.0, )"
        }
      },
      "repotrustdoctor.domain": {
        "type": "Project"
      },
      "repotrustdoctor.infrastructure.git": {
        "type": "Project",
        "dependencies": {
          "RepoTrustDoctor.Domain": "[1.0.0, )"
        }
      },
      "repotrustdoctor.infrastructure.localdata": {
        "type": "Project",
        "dependencies": {
          "Microsoft.Data.Sqlite": "[10.0.9, )",
          "SQLitePCLRaw.lib.e_sqlite3": "[3.53.3, )"
        }
      },
      "repotrustdoctor.infrastructure.packageregistries": {
        "type": "Project",
        "dependencies": {
          "RepoTrustDoctor.Analysis.Abstractions": "[1.0.0, )",
          "RepoTrustDoctor.Domain": "[1.0.0, )",
          "RepoTrustDoctor.Infrastructure.LocalData": "[1.0.0, )"
        }
      },
      "repotrustdoctor.infrastructure.scanning": {
        "type": "Project",
        "dependencies": {
          "RepoTrustDoctor.Analysis.Abstractions": "[1.0.0, )",
          "RepoTrustDoctor.Analysis.Engine": "[1.0.0, )",
          "RepoTrustDoctor.Analysis.Orchestration": "[1.0.0, )",
          "RepoTrustDoctor.Analyzers.AzurePipelines": "[1.0.0, )",
          "RepoTrustDoctor.Analyzers.CircleCi": "[1.0.0, )",
          "RepoTrustDoctor.Analyzers.Codebase": "[1.0.0, )",
          "RepoTrustDoctor.Analyzers.DependencyInventory": "[1.0.0, )",
          "RepoTrustDoctor.Analyzers.DependencyRisk": "[1.0.0, )",
          "RepoTrustDoctor.Analyzers.Docker": "[1.0.0, )",
          "RepoTrustDoctor.Analyzers.DockerCompose": "[1.0.0, )",
          "RepoTrustDoctor.Analyzers.GitHubActions": "[1.0.0, )",
          "RepoTrustDoctor.Analyzers.GitLabCi": "[1.0.0, )",
          "RepoTrustDoctor.Analyzers.Kubernetes": "[1.0.0, )",
          "RepoTrustDoctor.Analyzers.PackageRegistryConfig": "[1.0.0, )",
          "RepoTrustDoctor.Analyzers.ReleaseEvidence": "[1.0.0, )",
          "RepoTrustDoctor.Analyzers.Repository": "[1.0.0, )",
          "RepoTrustDoctor.Analyzers.Secrets": "[1.0.0, )",
          "RepoTrustDoctor.Analyzers.Terraform": "[1.0.0, )",
          "RepoTrustDoctor.Application": "[1.0.0, )",
          "RepoTrustDoctor.Domain": "[1.0.0, )",
          "RepoTrustDoctor.Infrastructure.Git": "[1.0.0, )",
          "RepoTrustDoctor.Infrastructure.PackageRegistries": "[1.0.0, )",
          "RepoTrustDoctor.Infrastructure.SecurityFeeds": "[1.0.0, )",
          "RepoTrustDoctor.Scoring": "[1.0.0, )"
        }
      },
      "repotrustdoctor.infrastructure.securityfeeds": {
        "type": "Project",
        "dependencies": {
          "RepoTrustDoctor.Analysis.Abstractions": "[1.0.0, )",
          "RepoTrustDoctor.Infrastructure.LocalData": "[1.0.0, )",
          "RepoTrustDoctor.Infrastructure.PackageRegistries": "[1.0.0, )"
        }
      },
      "repotrustdoctor.policies": {
        "type": "Project",
        "dependencies": {
          "RepoTrustDoctor.Domain": "[1.0.0, )"
        }
      },
      "repotrustdoctor.reporting": {
        "type": "Project",
        "dependencies": {
          "RepoTrustDoctor.Analysis.Abstractions": "[1.0.0, )",
          "RepoTrustDoctor.Domain": "[1.0.0, )"
        }
      },
      "repotrustdoctor.scoring": {
        "type": "Project",
        "dependencies": {
          "RepoTrustDoctor.Domain": "[1.0.0, )",
          "RepoTrustDoctor.Policies": "[1.0.0, )"
        }
      },
      "repotrustdoctor.shared": {
        "type": "Project"
      }
    }
  }
}